
Microsoft Visual Studio Solution File, Format Version 12.00
# Visual Studio Version 17
VisualStudioVersion = 17.4.33213.308
MinimumVisualStudioVersion = 10.0.40219.1
Project("{FAE04EC0-301F-11D3-BF4B-00C04F79EFBC}") = "OrderService.API", "OrderService.API\OrderService.API.csproj", "{40A429D5-CDB2-4B9D-8D78-2E4EC47BFB92}"
EndProject
Global
	GlobalSection(SolutionConfigurationPlatforms) = preSolution
		Debug|Any CPU = Debug|Any CPU
		Release|Any CPU = Release|Any CPU
	EndGlobalSection
	GlobalSection(ProjectConfigurationPlatforms) = postSolution
		{40A429D5-CDB2-4B9D-8D78-2E4EC47BFB92}.Debug|Any CPU.ActiveCfg = Debug|Any CPU
		{40A429D5-CDB2-4B9D-8D78-2E4EC47BFB92}.Debug|Any CPU.Build.0 = Debug|Any CPU
		{40A429D5-CDB2-4B9D-8D78-2E4EC47BFB92}.Release|Any CPU.ActiveCfg = Release|Any CPU
		{40A429D5-CDB2-4B9D-8D78-2E4EC47BFB92}.Release|Any CPU.Build.0 = Release|Any CPU
	EndGlobalSection
	GlobalSection(SolutionProperties) = preSolution
		HideSolutionNode = FALSE
	EndGlobalSection
	GlobalSection(ExtensibilityGlobals) = postSolution
		SolutionGuid = {F2200312-C485-437D-A30D-32F191C622CC}
	EndGlobalSection
EndGlobal
